// !$*UTF8*$!
{
	archiveVersion = 1;
	classes = {
	};
	objectVersion = 46;
	objects = {

/* Begin PBXBuildFile section */
		8A33B21F1A9D1B0D000ADFE4 /* AppDelegate.swift in Sources */ = {isa = PBXBuildFile; fileRef = 8A33B21E1A9D1B0D000ADFE4 /* AppDelegate.swift */; };
		8A33B2211A9D1B0D000ADFE4 /* ViewController.swift in Sources */ = {isa = PBXBuildFile; fileRef = 8A33B2201A9D1B0D000ADFE4 /* ViewController.swift */; };
		8A33B2241A9D1B0D000ADFE4 /* Main.storyboard in Resources */ = {isa = PBXBuildFile; fileRef = 8A33B2221A9D1B0D000ADFE4 /* Main.storyboard */; };
		8A33B2261A9D1B0D000ADFE4 /* Images.xcassets in Resources */ = {isa = PBXBuildFile; fileRef = 8A33B2251A9D1B0D000ADFE4 /* Images.xcassets */; };
		8A33B2291A9D1B0D000ADFE4 /* LaunchScreen.xib in Resources */ = {isa = PBXBuildFile; fileRef = 8A33B2271A9D1B0D000ADFE4 /* LaunchScreen.xib */; };
		8A33B2351A9D1B0E000ADFE4 /* HW2Tests.swift in Sources */ = {isa = PBXBuildFile; fileRef = 8A33B2341A9D1B0E000ADFE4 /* HW2Tests.swift */; };
		8A58C7341A9F9E6E00868EA4 /* Card.swift in Sources */ = {isa = PBXBuildFile; fileRef = 8A58C7331A9F9E6E00868EA4 /* Card.swift */; };
		8A58C7361A9FA0AC00868EA4 /* Deck.swift in Sources */ = {isa = PBXBuildFile; fileRef = 8A58C7351A9FA0AC00868EA4 /* Deck.swift */; };
		8A60651E1A9FC790004EDCDF /* Shoe.swift in Sources */ = {isa = PBXBuildFile; fileRef = 8A60651D1A9FC790004EDCDF /* Shoe.swift */; };
		8A6065201A9FCAE3004EDCDF /* Hand.swift in Sources */ = {isa = PBXBuildFile; fileRef = 8A60651F1A9FCAE3004EDCDF /* Hand.swift */; };
		8A6065221A9FCAFD004EDCDF /* Player.swift in Sources */ = {isa = PBXBuildFile; fileRef = 8A6065211A9FCAFD004EDCDF /* Player.swift */; };
		8A6065241A9FCBD1004EDCDF /* Game.swift in Sources */ = {isa = PBXBuildFile; fileRef = 8A6065231A9FCBD1004EDCDF /* Game.swift */; };
		8AB361ED1AA2A25C00DA39C9 /* BlurView.swift in Sources */ = {isa = PBXBuildFile; fileRef = 8AB361D21AA2A25C00DA39C9 /* BlurView.swift */; };
		8AB361EE1AA2A25C00DA39C9 /* DesignableButton.swift in Sources */ = {isa = PBXBuildFile; fileRef = 8AB361D31AA2A25C00DA39C9 /* DesignableButton.swift */; };
		8AB361EF1AA2A25C00DA39C9 /* DesignableImageView.swift in Sources */ = {isa = PBXBuildFile; fileRef = 8AB361D41AA2A25C00DA39C9 /* DesignableImageView.swift */; };
		8AB361F01AA2A25C00DA39C9 /* DesignableLabel.swift in Sources */ = {isa = PBXBuildFile; fileRef = 8AB361D51AA2A25C00DA39C9 /* DesignableLabel.swift */; };
		8AB361F11AA2A25C00DA39C9 /* DesignableTabBarController.swift in Sources */ = {isa = PBXBuildFile; fileRef = 8AB361D61AA2A25C00DA39C9 /* DesignableTabBarController.swift */; };
		8AB361F21AA2A25C00DA39C9 /* DesignableTextField.swift in Sources */ = {isa = PBXBuildFile; fileRef = 8AB361D71AA2A25C00DA39C9 /* DesignableTextField.swift */; };
		8AB361F31AA2A25C00DA39C9 /* DesignableTextView.swift in Sources */ = {isa = PBXBuildFile; fileRef = 8AB361D81AA2A25C00DA39C9 /* DesignableTextView.swift */; };
		8AB361F41AA2A25C00DA39C9 /* DesignableView.swift in Sources */ = {isa = PBXBuildFile; fileRef = 8AB361D91AA2A25C00DA39C9 /* DesignableView.swift */; };
		8AB361F51AA2A25C00DA39C9 /* ImageLoader.swift in Sources */ = {isa = PBXBuildFile; fileRef = 8AB361DA1AA2A25C00DA39C9 /* ImageLoader.swift */; };
		8AB361F61AA2A25C00DA39C9 /* Info.plist in Resources */ = {isa = PBXBuildFile; fileRef = 8AB361DB1AA2A25C00DA39C9 /* Info.plist */; };
		8AB361F71AA2A25C00DA39C9 /* KeyboardLayoutConstraint.swift in Sources */ = {isa = PBXBuildFile; fileRef = 8AB361DC1AA2A25C00DA39C9 /* KeyboardLayoutConstraint.swift */; };
		8AB361F81AA2A25C00DA39C9 /* LoadingView.swift in Sources */ = {isa = PBXBuildFile; fileRef = 8AB361DD1AA2A25C00DA39C9 /* LoadingView.swift */; };
		8AB361F91AA2A25C00DA39C9 /* LoadingView.xib in Resources */ = {isa = PBXBuildFile; fileRef = 8AB361DE1AA2A25C00DA39C9 /* LoadingView.xib */; };
		8AB361FA1AA2A25C00DA39C9 /* Misc.swift in Sources */ = {isa = PBXBuildFile; fileRef = 8AB361DF1AA2A25C00DA39C9 /* Misc.swift */; };
		8AB361FB1AA2A25C00DA39C9 /* SoundPlayer.swift in Sources */ = {isa = PBXBuildFile; fileRef = 8AB361E01AA2A25C00DA39C9 /* SoundPlayer.swift */; };
		8AB361FC1AA2A25C00DA39C9 /* Spring.swift in Sources */ = {isa = PBXBuildFile; fileRef = 8AB361E21AA2A25C00DA39C9 /* Spring.swift */; };
		8AB361FD1AA2A25C00DA39C9 /* SpringAnimation.swift in Sources */ = {isa = PBXBuildFile; fileRef = 8AB361E31AA2A25C00DA39C9 /* SpringAnimation.swift */; };
		8AB361FE1AA2A25C00DA39C9 /* SpringButton.swift in Sources */ = {isa = PBXBuildFile; fileRef = 8AB361E41AA2A25C00DA39C9 /* SpringButton.swift */; };
		8AB361FF1AA2A25C00DA39C9 /* SpringImageView.swift in Sources */ = {isa = PBXBuildFile; fileRef = 8AB361E51AA2A25C00DA39C9 /* SpringImageView.swift */; };
		8AB362001AA2A25C00DA39C9 /* SpringLabel.swift in Sources */ = {isa = PBXBuildFile; fileRef = 8AB361E61AA2A25C00DA39C9 /* SpringLabel.swift */; };
		8AB362011AA2A25C00DA39C9 /* SpringTextField.swift in Sources */ = {isa = PBXBuildFile; fileRef = 8AB361E71AA2A25C00DA39C9 /* SpringTextField.swift */; };
		8AB362021AA2A25C00DA39C9 /* SpringTextView.swift in Sources */ = {isa = PBXBuildFile; fileRef = 8AB361E81AA2A25C00DA39C9 /* SpringTextView.swift */; };
		8AB362031AA2A25C00DA39C9 /* SpringView.swift in Sources */ = {isa = PBXBuildFile; fileRef = 8AB361E91AA2A25C00DA39C9 /* SpringView.swift */; };
		8AB362041AA2A25C00DA39C9 /* TransitionManager.swift in Sources */ = {isa = PBXBuildFile; fileRef = 8AB361EA1AA2A25C00DA39C9 /* TransitionManager.swift */; };
		8AB362051AA2A25C00DA39C9 /* TransitionZoom.swift in Sources */ = {isa = PBXBuildFile; fileRef = 8AB361EB1AA2A25C00DA39C9 /* TransitionZoom.swift */; };
		8AB362061AA2A25C00DA39C9 /* UnwindSegue.swift in Sources */ = {isa = PBXBuildFile; fileRef = 8AB361EC1AA2A25C00DA39C9 /* UnwindSegue.swift */; };
		8AB362081AA2CA8100DA39C9 /* Singleton.swift in Sources */ = {isa = PBXBuildFile; fileRef = 8AB362071AA2CA8100DA39C9 /* Singleton.swift */; };
		8AB3620E1AA2E03500DA39C9 /* SecondViewController.swift in Sources */ = {isa = PBXBuildFile; fileRef = 8AB3620D1AA2E03500DA39C9 /* SecondViewController.swift */; };
		8AB362101AA39CE500DA39C9 /* ThirdViewController.swift in Sources */ = {isa = PBXBuildFile; fileRef = 8AB3620F1AA39CE500DA39C9 /* ThirdViewController.swift */; };
		8AEDA2351AA4DC1A000AEB52 /* FourthViewController.swift in Sources */ = {isa = PBXBuildFile; fileRef = 8AEDA2341AA4DC1A000AEB52 /* FourthViewController.swift */; };
/* End PBXBuildFile section */

/* Begin PBXContainerItemProxy section */
		8A33B22F1A9D1B0E000ADFE4 /* PBXContainerItemProxy */ = {
			isa = PBXContainerItemProxy;
			containerPortal = 8A33B2111A9D1B0D000ADFE4 /* Project object */;
			proxyType = 1;
			remoteGlobalIDString = 8A33B2181A9D1B0D000ADFE4;
			remoteInfo = HW2;
		};
/* End PBXContainerItemProxy section */

/* Begin PBXFileReference section */
		8A33B2191A9D1B0D000ADFE4 /* HW2.app */ = {isa = PBXFileReference; explicitFileType = wrapper.application; includeInIndex = 0; path = HW2.app; sourceTree = BUILT_PRODUCTS_DIR; };
		8A33B21D1A9D1B0D000ADFE4 /* Info.plist */ = {isa = PBXFileReference; lastKnownFileType = text.plist.xml; path = Info.plist; sourceTree = "<group>"; };
		8A33B21E1A9D1B0D000ADFE4 /* AppDelegate.swift */ = {isa = PBXFileReference; lastKnownFileType = sourcecode.swift; path = AppDelegate.swift; sourceTree = "<group>"; };
		8A33B2201A9D1B0D000ADFE4 /* ViewController.swift */ = {isa = PBXFileReference; lastKnownFileType = sourcecode.swift; path = ViewController.swift; sourceTree = "<group>"; };
		8A33B2231A9D1B0D000ADFE4 /* Base */ = {isa = PBXFileReference; lastKnownFileType = file.storyboard; name = Base; path = Base.lproj/Main.storyboard; sourceTree = "<group>"; };
		8A33B2251A9D1B0D000ADFE4 /* Images.xcassets */ = {isa = PBXFileReference; lastKnownFileType = folder.assetcatalog; path = Images.xcassets; sourceTree = "<group>"; };
		8A33B2281A9D1B0D000ADFE4 /* Base */ = {isa = PBXFileReference; lastKnownFileType = file.xib; name = Base; path = Base.lproj/LaunchScreen.xib; sourceTree = "<group>"; };
		8A33B22E1A9D1B0E000ADFE4 /* HW2Tests.xctest */ = {isa = PBXFileReference; explicitFileType = wrapper.cfbundle; includeInIndex = 0; path = HW2Tests.xctest; sourceTree = BUILT_PRODUCTS_DIR; };
		8A33B2331A9D1B0E000ADFE4 /* Info.plist */ = {isa = PBXFileReference; lastKnownFileType = text.plist.xml; path = Info.plist; sourceTree = "<group>"; };
		8A33B2341A9D1B0E000ADFE4 /* HW2Tests.swift */ = {isa = PBXFileReference; lastKnownFileType = sourcecode.swift; path = HW2Tests.swift; sourceTree = "<group>"; };
		8A58C7331A9F9E6E00868EA4 /* Card.swift */ = {isa = PBXFileReference; fileEncoding = 4; lastKnownFileType = sourcecode.swift; path = Card.swift; sourceTree = "<group>"; };
		8A58C7351A9FA0AC00868EA4 /* Deck.swift */ = {isa = PBXFileReference; fileEncoding = 4; lastKnownFileType = sourcecode.swift; path = Deck.swift; sourceTree = "<group>"; };
		8A60651D1A9FC790004EDCDF /* Shoe.swift */ = {isa = PBXFileReference; fileEncoding = 4; lastKnownFileType = sourcecode.swift; path = Shoe.swift; sourceTree = "<group>"; };
		8A60651F1A9FCAE3004EDCDF /* Hand.swift */ = {isa = PBXFileReference; fileEncoding = 4; lastKnownFileType = sourcecode.swift; path = Hand.swift; sourceTree = "<group>"; };
		8A6065211A9FCAFD004EDCDF /* Player.swift */ = {isa = PBXFileReference; fileEncoding = 4; lastKnownFileType = sourcecode.swift; path = Player.swift; sourceTree = "<group>"; };
		8A6065231A9FCBD1004EDCDF /* Game.swift */ = {isa = PBXFileReference; fileEncoding = 4; lastKnownFileType = sourcecode.swift; path = Game.swift; sourceTree = "<group>"; };
		8AB361D21AA2A25C00DA39C9 /* BlurView.swift */ = {isa = PBXFileReference; fileEncoding = 4; lastKnownFileType = sourcecode.swift; path = BlurView.swift; sourceTree = "<group>"; };
		8AB361D31AA2A25C00DA39C9 /* DesignableButton.swift */ = {isa = PBXFileReference; fileEncoding = 4; lastKnownFileType = sourcecode.swift; path = DesignableButton.swift; sourceTree = "<group>"; };
		8AB361D41AA2A25C00DA39C9 /* DesignableImageView.swift */ = {isa = PBXFileReference; fileEncoding = 4; lastKnownFileType = sourcecode.swift; path = DesignableImageView.swift; sourceTree = "<group>"; };
		8AB361D51AA2A25C00DA39C9 /* DesignableLabel.swift */ = {isa = PBXFileReference; fileEncoding = 4; lastKnownFileType = sourcecode.swift; path = DesignableLabel.swift; sourceTree = "<group>"; };
		8AB361D61AA2A25C00DA39C9 /* DesignableTabBarController.swift */ = {isa = PBXFileReference; fileEncoding = 4; lastKnownFileType = sourcecode.swift; path = DesignableTabBarController.swift; sourceTree = "<group>"; };
		8AB361D71AA2A25C00DA39C9 /* DesignableTextField.swift */ = {isa = PBXFileReference; fileEncoding = 4; lastKnownFileType = sourcecode.swift; path = DesignableTextField.swift; sourceTree = "<group>"; };
		8AB361D81AA2A25C00DA39C9 /* DesignableTextView.swift */ = {isa = PBXFileReference; fileEncoding = 4; lastKnownFileType = sourcecode.swift; path = DesignableTextView.swift; sourceTree = "<group>"; };
		8AB361D91AA2A25C00DA39C9 /* DesignableView.swift */ = {isa = PBXFileReference; fileEncoding = 4; lastKnownFileType = sourcecode.swift; path = DesignableView.swift; sourceTree = "<group>"; };
		8AB361DA1AA2A25C00DA39C9 /* ImageLoader.swift */ = {isa = PBXFileReference; fileEncoding = 4; lastKnownFileType = sourcecode.swift; path = ImageLoader.swift; sourceTree = "<group>"; };
		8AB361DB1AA2A25C00DA39C9 /* Info.plist */ = {isa = PBXFileReference; fileEncoding = 4; lastKnownFileType = text.plist.xml; path = Info.plist; sourceTree = "<group>"; };
		8AB361DC1AA2A25C00DA39C9 /* KeyboardLayoutConstraint.swift */ = {isa = PBXFileReference; fileEncoding = 4; lastKnownFileType = sourcecode.swift; path = KeyboardLayoutConstraint.swift; sourceTree = "<group>"; };
		8AB361DD1AA2A25C00DA39C9 /* LoadingView.swift */ = {isa = PBXFileReference; fileEncoding = 4; lastKnownFileType = sourcecode.swift; path = LoadingView.swift; sourceTree = "<group>"; };
		8AB361DE1AA2A25C00DA39C9 /* LoadingView.xib */ = {isa = PBXFileReference; fileEncoding = 4; lastKnownFileType = file.xib; path = LoadingView.xib; sourceTree = "<group>"; };
		8AB361DF1AA2A25C00DA39C9 /* Misc.swift */ = {isa = PBXFileReference; fileEncoding = 4; lastKnownFileType = sourcecode.swift; path = Misc.swift; sourceTree = "<group>"; };
		8AB361E01AA2A25C00DA39C9 /* SoundPlayer.swift */ = {isa = PBXFileReference; fileEncoding = 4; lastKnownFileType = sourcecode.swift; path = SoundPlayer.swift; sourceTree = "<group>"; };
		8AB361E11AA2A25C00DA39C9 /* Spring.h */ = {isa = PBXFileReference; fileEncoding = 4; lastKnownFileType = sourcecode.c.h; path = Spring.h; sourceTree = "<group>"; };
		8AB361E21AA2A25C00DA39C9 /* Spring.swift */ = {isa = PBXFileReference; fileEncoding = 4; lastKnownFileType = sourcecode.swift; path = Spring.swift; sourceTree = "<group>"; };
		8AB361E31AA2A25C00DA39C9 /* SpringAnimation.swift */ = {isa = PBXFileReference; fileEncoding = 4; lastKnownFileType = sourcecode.swift; path = SpringAnimation.swift; sourceTree = "<group>"; };
		8AB361E41AA2A25C00DA39C9 /* SpringButton.swift */ = {isa = PBXFileReference; fileEncoding = 4; lastKnownFileType = sourcecode.swift; path = SpringButton.swift; sourceTree = "<group>"; };
		8AB361E51AA2A25C00DA39C9 /* SpringImageView.swift */ = {isa = PBXFileReference; fileEncoding = 4; lastKnownFileType = sourcecode.swift; path = SpringImageView.swift; sourceTree = "<group>"; };
		8AB361E61AA2A25C00DA39C9 /* SpringLabel.swift */ = {isa = PBXFileReference; fileEncoding = 4; lastKnownFileType = sourcecode.swift; path = SpringLabel.swift; sourceTree = "<group>"; };
		8AB361E71AA2A25C00DA39C9 /* SpringTextField.swift */ = {isa = PBXFileReference; fileEncoding = 4; lastKnownFileType = sourcecode.swift; path = SpringTextField.swift; sourceTree = "<group>"; };
		8AB361E81AA2A25C00DA39C9 /* SpringTextView.swift */ = {isa = PBXFileReference; fileEncoding = 4; lastKnownFileType = sourcecode.swift; path = SpringTextView.swift; sourceTree = "<group>"; };
		8AB361E91AA2A25C00DA39C9 /* SpringView.swift */ = {isa = PBXFileReference; fileEncoding = 4; lastKnownFileType = sourcecode.swift; path = SpringView.swift; sourceTree = "<group>"; };
		8AB361EA1AA2A25C00DA39C9 /* TransitionManager.swift */ = {isa = PBXFileReference; fileEncoding = 4; lastKnownFileType = sourcecode.swift; path = TransitionManager.swift; sourceTree = "<group>"; };
		8AB361EB1AA2A25C00DA39C9 /* TransitionZoom.swift */ = {isa = PBXFileReference; fileEncoding = 4; lastKnownFileType = sourcecode.swift; path = TransitionZoom.swift; sourceTree = "<group>"; };
		8AB361EC1AA2A25C00DA39C9 /* UnwindSegue.swift */ = {isa = PBXFileReference; fileEncoding = 4; lastKnownFileType = sourcecode.swift; path = UnwindSegue.swift; sourceTree = "<group>"; };
		8AB362071AA2CA8100DA39C9 /* Singleton.swift */ = {isa = PBXFileReference; fileEncoding = 4; lastKnownFileType = sourcecode.swift; path = Singleton.swift; sourceTree = "<group>"; };
		8AB3620D1AA2E03500DA39C9 /* SecondViewController.swift */ = {isa = PBXFileReference; fileEncoding = 4; lastKnownFileType = sourcecode.swift; path = SecondViewController.swift; sourceTree = "<group>"; };
		8AB3620F1AA39CE500DA39C9 /* ThirdViewController.swift */ = {isa = PBXFileReference; fileEncoding = 4; lastKnownFileType = sourcecode.swift; path = ThirdViewController.swift; sourceTree = "<group>"; };
		8AEDA2341AA4DC1A000AEB52 /* FourthViewController.swift */ = {isa = PBXFileReference; fileEncoding = 4; lastKnownFileType = sourcecode.swift; path = FourthViewController.swift; sourceTree = "<group>"; };
/* End PBXFileReference section */

/* Begin PBXFrameworksBuildPhase section */
		8A33B2161A9D1B0D000ADFE4 /* Frameworks */ = {
			isa = PBXFrameworksBuildPhase;
			buildActionMask = 2147483647;
			files = (
			);
			runOnlyForDeploymentPostprocessing = 0;
		};
		8A33B22B1A9D1B0E000ADFE4 /* Frameworks */ = {
			isa = PBXFrameworksBuildPhase;
			buildActionMask = 2147483647;
			files = (
			);
			runOnlyForDeploymentPostprocessing = 0;
		};
/* End PBXFrameworksBuildPhase section */

/* Begin PBXGroup section */
		8A33B2101A9D1B0D000ADFE4 = {
			isa = PBXGroup;
			children = (
				8A33B21B1A9D1B0D000ADFE4 /* HW2 */,
				8A33B2311A9D1B0E000ADFE4 /* HW2Tests */,
				8A33B21A1A9D1B0D000ADFE4 /* Products */,
			);
			sourceTree = "<group>";
		};
		8A33B21A1A9D1B0D000ADFE4 /* Products */ = {
			isa = PBXGroup;
			children = (
				8A33B2191A9D1B0D000ADFE4 /* HW2.app */,
				8A33B22E1A9D1B0E000ADFE4 /* HW2Tests.xctest */,
			);
			name = Products;
			sourceTree = "<group>";
		};
		8A33B21B1A9D1B0D000ADFE4 /* HW2 */ = {
			isa = PBXGroup;
			children = (
				8A33B21E1A9D1B0D000ADFE4 /* AppDelegate.swift */,
				8A33B2201A9D1B0D000ADFE4 /* ViewController.swift */,
				8AB3620D1AA2E03500DA39C9 /* SecondViewController.swift */,
				8AB3620F1AA39CE500DA39C9 /* ThirdViewController.swift */,
				8AEDA2341AA4DC1A000AEB52 /* FourthViewController.swift */,
				8A33B2221A9D1B0D000ADFE4 /* Main.storyboard */,
				8A33B2251A9D1B0D000ADFE4 /* Images.xcassets */,
				8A33B2271A9D1B0D000ADFE4 /* LaunchScreen.xib */,
				8A58C7331A9F9E6E00868EA4 /* Card.swift */,
				8A58C7351A9FA0AC00868EA4 /* Deck.swift */,
				8A60651D1A9FC790004EDCDF /* Shoe.swift */,
				8A60651F1A9FCAE3004EDCDF /* Hand.swift */,
				8A6065211A9FCAFD004EDCDF /* Player.swift */,
				8A6065231A9FCBD1004EDCDF /* Game.swift */,
				8AB362071AA2CA8100DA39C9 /* Singleton.swift */,
				8AB361D11AA2A25C00DA39C9 /* Spring */,
				8A33B21C1A9D1B0D000ADFE4 /* Supporting Files */,
			);
			path = HW2;
			sourceTree = "<group>";
		};
		8A33B21C1A9D1B0D000ADFE4 /* Supporting Files */ = {
			isa = PBXGroup;
			children = (
				8A33B21D1A9D1B0D000ADFE4 /* Info.plist */,
			);
			name = "Supporting Files";
			sourceTree = "<group>";
		};
		8A33B2311A9D1B0E000ADFE4 /* HW2Tests */ = {
			isa = PBXGroup;
			children = (
				8A33B2341A9D1B0E000ADFE4 /* HW2Tests.swift */,
				8A33B2321A9D1B0E000ADFE4 /* Supporting Files */,
			);
			path = HW2Tests;
			sourceTree = "<group>";
		};
		8A33B2321A9D1B0E000ADFE4 /* Supporting Files */ = {
			isa = PBXGroup;
			children = (
				8A33B2331A9D1B0E000ADFE4 /* Info.plist */,
			);
			name = "Supporting Files";
			sourceTree = "<group>";
		};
		8AB361D11AA2A25C00DA39C9 /* Spring */ = {
			isa = PBXGroup;
			children = (
				8AB361D21AA2A25C00DA39C9 /* BlurView.swift */,
				8AB361D31AA2A25C00DA39C9 /* DesignableButton.swift */,
				8AB361D41AA2A25C00DA39C9 /* DesignableImageView.swift */,
				8AB361D51AA2A25C00DA39C9 /* DesignableLabel.swift */,
				8AB361D61AA2A25C00DA39C9 /* DesignableTabBarController.swift */,
				8AB361D71AA2A25C00DA39C9 /* DesignableTextField.swift */,
				8AB361D81AA2A25C00DA39C9 /* DesignableTextView.swift */,
				8AB361D91AA2A25C00DA39C9 /* DesignableView.swift */,
				8AB361DA1AA2A25C00DA39C9 /* ImageLoader.swift */,
				8AB361DB1AA2A25C00DA39C9 /* Info.plist */,
				8AB361DC1AA2A25C00DA39C9 /* KeyboardLayoutConstraint.swift */,
				8AB361DD1AA2A25C00DA39C9 /* LoadingView.swift */,
				8AB361DE1AA2A25C00DA39C9 /* LoadingView.xib */,
				8AB361DF1AA2A25C00DA39C9 /* Misc.swift */,
				8AB361E01AA2A25C00DA39C9 /* SoundPlayer.swift */,
				8AB361E11AA2A25C00DA39C9 /* Spring.h */,
				8AB361E21AA2A25C00DA39C9 /* Spring.swift */,
				8AB361E31AA2A25C00DA39C9 /* SpringAnimation.swift */,
				8AB361E41AA2A25C00DA39C9 /* SpringButton.swift */,
				8AB361E51AA2A25C00DA39C9 /* SpringImageView.swift */,
				8AB361E61AA2A25C00DA39C9 /* SpringLabel.swift */,
				8AB361E71AA2A25C00DA39C9 /* SpringTextField.swift */,
				8AB361E81AA2A25C00DA39C9 /* SpringTextView.swift */,
				8AB361E91AA2A25C00DA39C9 /* SpringView.swift */,
				8AB361EA1AA2A25C00DA39C9 /* TransitionManager.swift */,
				8AB361EB1AA2A25C00DA39C9 /* TransitionZoom.swift */,
				8AB361EC1AA2A25C00DA39C9 /* UnwindSegue.swift */,
			);
			name = Spring;
			path = "../../cs394-9033-spring2015/session 4/MVCDemo/MVCDemo/Spring";
			sourceTree = "<group>";
		};
/* End PBXGroup section */

/* Begin PBXNativeTarget section */
		8A33B2181A9D1B0D000ADFE4 /* HW2 */ = {
			isa = PBXNativeTarget;
			buildConfigurationList = 8A33B2381A9D1B0E000ADFE4 /* Build configuration list for PBXNativeTarget "HW2" */;
			buildPhases = (
				8A33B2151A9D1B0D000ADFE4 /* Sources */,
				8A33B2161A9D1B0D000ADFE4 /* Frameworks */,
				8A33B2171A9D1B0D000ADFE4 /* Resources */,
			);
			buildRules = (
			);
			dependencies = (
			);
			name = HW2;
			productName = HW2;
			productReference = 8A33B2191A9D1B0D000ADFE4 /* HW2.app */;
			productType = "com.apple.product-type.application";
		};
		8A33B22D1A9D1B0E000ADFE4 /* HW2Tests */ = {
			isa = PBXNativeTarget;
			buildConfigurationList = 8A33B23B1A9D1B0E000ADFE4 /* Build configuration list for PBXNativeTarget "HW2Tests" */;
			buildPhases = (
				8A33B22A1A9D1B0E000ADFE4 /* Sources */,
				8A33B22B1A9D1B0E000ADFE4 /* Frameworks */,
				8A33B22C1A9D1B0E000ADFE4 /* Resources */,
			);
			buildRules = (
			);
			dependencies = (
				8A33B2301A9D1B0E000ADFE4 /* PBXTargetDependency */,
			);
			name = HW2Tests;
			productName = HW2Tests;
			productReference = 8A33B22E1A9D1B0E000ADFE4 /* HW2Tests.xctest */;
			productType = "com.apple.product-type.bundle.unit-test";
		};
/* End PBXNativeTarget section */

/* Begin PBXProject section */
		8A33B2111A9D1B0D000ADFE4 /* Project object */ = {
			isa = PBXProject;
			attributes = {
				LastUpgradeCheck = 0610;
				ORGANIZATIONNAME = "Huibo Li";
				TargetAttributes = {
					8A33B2181A9D1B0D000ADFE4 = {
						CreatedOnToolsVersion = 6.1.1;
					};
					8A33B22D1A9D1B0E000ADFE4 = {
						CreatedOnToolsVersion = 6.1.1;
						TestTargetID = 8A33B2181A9D1B0D000ADFE4;
					};
				};
			};
			buildConfigurationList = 8A33B2141A9D1B0D000ADFE4 /* Build configuration list for PBXProject "HW2" */;
			compatibilityVersion = "Xcode 3.2";
			developmentRegion = English;
			hasScannedForEncodings = 0;
			knownRegions = (
				en,
				Base,
			);
			mainGroup = 8A33B2101A9D1B0D000ADFE4;
			productRefGroup = 8A33B21A1A9D1B0D000ADFE4 /* Products */;
			projectDirPath = "";
			projectRoot = "";
			targets = (
				8A33B2181A9D1B0D000ADFE4 /* HW2 */,
				8A33B22D1A9D1B0E000ADFE4 /* HW2Tests */,
			);
		};
/* End PBXProject section */

/* Begin PBXResourcesBuildPhase section */
		8A33B2171A9D1B0D000ADFE4 /* Resources */ = {
			isa = PBXResourcesBuildPhase;
			buildActionMask = 2147483647;
			files = (
				8AB361F61AA2A25C00DA39C9 /* Info.plist in Resources */,
				8A33B2241A9D1B0D000ADFE4 /* Main.storyboard in Resources */,
				8A33B2291A9D1B0D000ADFE4 /* LaunchScreen.xib in Resources */,
				8A33B2261A9D1B0D000ADFE4 /* Images.xcassets in Resources */,
				8AB361F91AA2A25C00DA39C9 /* LoadingView.xib in Resources */,
			);
			runOnlyForDeploymentPostprocessing = 0;
		};
		8A33B22C1A9D1B0E000ADFE4 /* Resources */ = {
			isa = PBXResourcesBuildPhase;
			buildActionMask = 2147483647;
			files = (
			);
			runOnlyForDeploymentPostprocessing = 0;
		};
/* End PBXResourcesBuildPhase section */

/* Begin PBXSourcesBuildPhase section */
		8A33B2151A9D1B0D000ADFE4 /* Sources */ = {
			isa = PBXSourcesBuildPhase;
			buildActionMask = 2147483647;
			files = (
				8A58C7361A9FA0AC00868EA4 /* Deck.swift in Sources */,
				8AB361FB1AA2A25C00DA39C9 /* SoundPlayer.swift in Sources */,
				8AB361EF1AA2A25C00DA39C9 /* DesignableImageView.swift in Sources */,
				8AB362011AA2A25C00DA39C9 /* SpringTextField.swift in Sources */,
				8A33B2211A9D1B0D000ADFE4 /* ViewController.swift in Sources */,
				8AB361F21AA2A25C00DA39C9 /* DesignableTextField.swift in Sources */,
				8AB362041AA2A25C00DA39C9 /* TransitionManager.swift in Sources */,
				8AB361FD1AA2A25C00DA39C9 /* SpringAnimation.swift in Sources */,
				8A6065201A9FCAE3004EDCDF /* Hand.swift in Sources */,
				8AB361F71AA2A25C00DA39C9 /* KeyboardLayoutConstraint.swift in Sources */,
				8AB361EE1AA2A25C00DA39C9 /* DesignableButton.swift in Sources */,
				8A58C7341A9F9E6E00868EA4 /* Card.swift in Sources */,
				8AEDA2351AA4DC1A000AEB52 /* FourthViewController.swift in Sources */,
				8A6065221A9FCAFD004EDCDF /* Player.swift in Sources */,
				8AB361F41AA2A25C00DA39C9 /* DesignableView.swift in Sources */,
				8AB362051AA2A25C00DA39C9 /* TransitionZoom.swift in Sources */,
				8AB361ED1AA2A25C00DA39C9 /* BlurView.swift in Sources */,
				8A60651E1A9FC790004EDCDF /* Shoe.swift in Sources */,
				8AB362101AA39CE500DA39C9 /* ThirdViewController.swift in Sources */,
				8AB361F51AA2A25C00DA39C9 /* ImageLoader.swift in Sources */,
				8AB3620E1AA2E03500DA39C9 /* SecondViewController.swift in Sources */,
				8AB362031AA2A25C00DA39C9 /* SpringView.swift in Sources */,
				8AB362001AA2A25C00DA39C9 /* SpringLabel.swift in Sources */,
				8AB361FA1AA2A25C00DA39C9 /* Misc.swift in Sources */,
				8AB361F11AA2A25C00DA39C9 /* DesignableTabBarController.swift in Sources */,
				8A33B21F1A9D1B0D000ADFE4 /* AppDelegate.swift in Sources */,
				8AB361F31AA2A25C00DA39C9 /* DesignableTextView.swift in Sources */,
				8AB361FC1AA2A25C00DA39C9 /* Spring.swift in Sources */,
				8AB361FE1AA2A25C00DA39C9 /* SpringButton.swift in Sources */,
				8AB362061AA2A25C00DA39C9 /* UnwindSegue.swift in Sources */,
				8AB361F01AA2A25C00DA39C9 /* DesignableLabel.swift in Sources */,
				8AB362081AA2CA8100DA39C9 /* Singleton.swift in Sources */,
				8AB361FF1AA2A25C00DA39C9 /* SpringImageView.swift in Sources */,
				8AB361F81AA2A25C00DA39C9 /* LoadingView.swift in Sources */,
				8AB362021AA2A25C00DA39C9 /* SpringTextView.swift in Sources */,
				8A6065241A9FCBD1004EDCDF /* Game.swift in Sources */,
			);
			runOnlyForDeploymentPostprocessing = 0;
		};
		8A33B22A1A9D1B0E000ADFE4 /* Sources */ = {
			isa = PBXSourcesBuildPhase;
			buildActionMask = 2147483647;
			files = (
				8A33B2351A9D1B0E000ADFE4 /* HW2Tests.swift in Sources */,
			);
			runOnlyForDeploymentPostprocessing = 0;
		};
/* End PBXSourcesBuildPhase section */

/* Begin PBXTargetDependency section */
		8A33B2301A9D1B0E000ADFE4 /* PBXTargetDependency */ = {
			isa = PBXTargetDependency;
			target = 8A33B2181A9D1B0D000ADFE4 /* HW2 */;
			targetProxy = 8A33B22F1A9D1B0E000ADFE4 /* PBXContainerItemProxy */;
		};
/* End PBXTargetDependency section */

/* Begin PBXVariantGroup section */
		8A33B2221A9D1B0D000ADFE4 /* Main.storyboard */ = {
			isa = PBXVariantGroup;
			children = (
				8A33B2231A9D1B0D000ADFE4 /* Base */,
			);
			name = Main.storyboard;
			sourceTree = "<group>";
		};
		8A33B2271A9D1B0D000ADFE4 /* LaunchScreen.xib */ = {
			isa = PBXVariantGroup;
			children = (
				8A33B2281A9D1B0D000ADFE4 /* Base */,
			);
			name = LaunchScreen.xib;
			sourceTree = "<group>";
		};
/* End PBXVariantGroup section */

/* Begin XCBuildConfiguration section */
		8A33B2361A9D1B0E000ADFE4 /* Debug */ = {
			isa = XCBuildConfiguration;
			buildSettings = {
				ALWAYS_SEARCH_USER_PATHS = NO;
				CLANG_CXX_LANGUAGE_STANDARD = "gnu++0x";
				CLANG_CXX_LIBRARY = "libc++";
				CLANG_ENABLE_MODULES = YES;
				CLANG_ENABLE_OBJC_ARC = YES;
				CLANG_WARN_BOOL_CONVERSION = YES;
				CLANG_WARN_CONSTANT_CONVERSION = YES;
				CLANG_WARN_DIRECT_OBJC_ISA_USAGE = YES_ERROR;
				CLANG_WARN_EMPTY_BODY = YES;
				CLANG_WARN_ENUM_CONVERSION = YES;
				CLANG_WARN_INT_CONVERSION = YES;
				CLANG_WARN_OBJC_ROOT_CLASS = YES_ERROR;
				CLANG_WARN_UNREACHABLE_CODE = YES;
				CLANG_WARN__DUPLICATE_METHOD_MATCH = YES;
				"CODE_SIGN_IDENTITY[sdk=iphoneos*]" = "iPhone Developer";
				COPY_PHASE_STRIP = NO;
				ENABLE_STRICT_OBJC_MSGSEND = YES;
				GCC_C_LANGUAGE_STANDARD = gnu99;
				GCC_DYNAMIC_NO_PIC = NO;
				GCC_OPTIMIZATION_LEVEL = 0;
				GCC_PREPROCESSOR_DEFINITIONS = (
					"DEBUG=1",
					"$(inherited)",
				);
				GCC_SYMBOLS_PRIVATE_EXTERN = NO;
				GCC_WARN_64_TO_32_BIT_CONVERSION = YES;
				GCC_WARN_ABOUT_RETURN_TYPE = YES_ERROR;
				GCC_WARN_UNDECLARED_SELECTOR = YES;
				GCC_WARN_UNINITIALIZED_AUTOS = YES_AGGRESSIVE;
				GCC_WARN_UNUSED_FUNCTION = YES;
				GCC_WARN_UNUSED_VARIABLE = YES;
				IPHONEOS_DEPLOYMENT_TARGET = 8.1;
				MTL_ENABLE_DEBUG_INFO = YES;
				ONLY_ACTIVE_ARCH = YES;
				SDKROOT = iphoneos;
				SWIFT_OPTIMIZATION_LEVEL = "-Onone";
			};
			name = Debug;
		};
		8A33B2371A9D1B0E000ADFE4 /* Release */ = {
			isa = XCBuildConfiguration;
			buildSettings = {
				ALWAYS_SEARCH_USER_PATHS = NO;
				CLANG_CXX_LANGUAGE_STANDARD = "gnu++0x";
				CLANG_CXX_LIBRARY = "libc++";
				CLANG_ENABLE_MODULES = YES;
				CLANG_ENABLE_OBJC_ARC = YES;
				CLANG_WARN_BOOL_CONVERSION = YES;
				CLANG_WARN_CONSTANT_CONVERSION = YES;
				CLANG_WARN_DIRECT_OBJC_ISA_USAGE = YES_ERROR;
				CLANG_WARN_EMPTY_BODY = YES;
				CLANG_WARN_ENUM_CONVERSION = YES;
				CLANG_WARN_INT_CONVERSION = YES;
				CLANG_WARN_OBJC_ROOT_CLASS = YES_ERROR;
				CLANG_WARN_UNREACHABLE_CODE = YES;
				CLANG_WARN__DUPLICATE_METHOD_MATCH = YES;
				"CODE_SIGN_IDENTITY[sdk=iphoneos*]" = "iPhone Developer";
				COPY_PHASE_STRIP = YES;
				ENABLE_NS_ASSERTIONS = NO;
				ENABLE_STRICT_OBJC_MSGSEND = YES;
				GCC_C_LANGUAGE_STANDARD = gnu99;
				GCC_WARN_64_TO_32_BIT_CONVERSION = YES;
				GCC_WARN_ABOUT_RETURN_TYPE = YES_ERROR;
				GCC_WARN_UNDECLARED_SELECTOR = YES;
				GCC_WARN_UNINITIALIZED_AUTOS = YES_AGGRESSIVE;
				GCC_WARN_UNUSED_FUNCTION = YES;
				GCC_WARN_UNUSED_VARIABLE = YES;
				IPHONEOS_DEPLOYMENT_TARGET = 8.1;
				MTL_ENABLE_DEBUG_INFO = NO;
				SDKROOT = iphoneos;
				VALIDATE_PRODUCT = YES;
			};
			name = Release;
		};
		8A33B2391A9D1B0E000ADFE4 /* Debug */ = {
			isa = XCBuildConfiguration;
			buildSettings = {
				ASSETCATALOG_COMPILER_APPICON_NAME = AppIcon;
				INFOPLIST_FILE = HW2/Info.plist;
				LD_RUNPATH_SEARCH_PATHS = "$(inherited) @executable_path/Frameworks";
				PRODUCT_NAME = "$(TARGET_NAME)";
			};
			name = Debug;
		};
		8A33B23A1A9D1B0E000ADFE4 /* Release */ = {
			isa = XCBuildConfiguration;
			buildSettings = {
				ASSETCATALOG_COMPILER_APPICON_NAME = AppIcon;
				INFOPLIST_FILE = HW2/Info.plist;
				LD_RUNPATH_SEARCH_PATHS = "$(inherited) @executable_path/Frameworks";
				PRODUCT_NAME = "$(TARGET_NAME)";
			};
			name = Release;
		};
		8A33B23C1A9D1B0E000ADFE4 /* Debug */ = {
			isa = XCBuildConfiguration;
			buildSettings = {
				BUNDLE_LOADER = "$(TEST_HOST)";
				FRAMEWORK_SEARCH_PATHS = (
					"$(SDKROOT)/Developer/Library/Frameworks",
					"$(inherited)",
				);
				GCC_PREPROCESSOR_DEFINITIONS = (
					"DEBUG=1",
					"$(inherited)",
				);
				INFOPLIST_FILE = HW2Tests/Info.plist;
				LD_RUNPATH_SEARCH_PATHS = "$(inherited) @executable_path/Frameworks @loader_path/Frameworks";
				PRODUCT_NAME = "$(TARGET_NAME)";
				TEST_HOST = "$(BUILT_PRODUCTS_DIR)/HW2.app/HW2";
			};
			name = Debug;
		};
		8A33B23D1A9D1B0E000ADFE4 /* Release */ = {
			isa = XCBuildConfiguration;
			buildSettings = {
				BUNDLE_LOADER = "$(TEST_HOST)";
				FRAMEWORK_SEARCH_PATHS = (
					"$(SDKROOT)/Developer/Library/Frameworks",
					"$(inherited)",
				);
				INFOPLIST_FILE = HW2Tests/Info.plist;
				LD_RUNPATH_SEARCH_PATHS = "$(inherited) @executable_path/Frameworks @loader_path/Frameworks";
				PRODUCT_NAME = "$(TARGET_NAME)";
				TEST_HOST = "$(BUILT_PRODUCTS_DIR)/HW2.app/HW2";
			};
			name = Release;
		};
/* End XCBuildConfiguration section */

/* Begin XCConfigurationList section */
		8A33B2141A9D1B0D000ADFE4 /* Build configuration list for PBXProject "HW2" */ = {
			isa = XCConfigurationList;
			buildConfigurations = (
				8A33B2361A9D1B0E000ADFE4 /* Debug */,
				8A33B2371A9D1B0E000ADFE4 /* Release */,
			);
			defaultConfigurationIsVisible = 0;
			defaultConfigurationName = Release;
		};
		8A33B2381A9D1B0E000ADFE4 /* Build configuration list for PBXNativeTarget "HW2" */ = {
			isa = XCConfigurationList;
			buildConfigurations = (
				8A33B2391A9D1B0E000ADFE4 /* Debug */,
				8A33B23A1A9D1B0E000ADFE4 /* Release */,
			);
			defaultConfigurationIsVisible = 0;
			defaultConfigurationName = Release;
		};
		8A33B23B1A9D1B0E000ADFE4 /* Build configuration list for PBXNativeTarget "HW2Tests" */ = {
			isa = XCConfigurationList;
			buildConfigurations = (
				8A33B23C1A9D1B0E000ADFE4 /* Debug */,
				8A33B23D1A9D1B0E000ADFE4 /* Release */,
			);
			defaultConfigurationIsVisible = 0;
			defaultConfigurationName = Release;
		};
/* End XCConfigurationList section */
	};
	rootObject = 8A33B2111A9D1B0D000ADFE4 /* Project object */;
}
